# @generated - this file is auto-generated by `unirtm lock`
# Do not edit manually. See https://github.com/snowdreamtech/unirtm for details.

[[tools."astral-sh/ruff"]]
version = "0.15.12"
backend = "github"

[[tools."checkmake/checkmake"]]
version = "0.3.2"
backend = "github"

[[tools."cli/cli"]]
version = "2.92.0"
backend = "github"

[[tools."cmake"]]
version = "4.3.2"
backend = "native"

[tools."cmake"."platforms.macos-amd64"]
url = "https://github.com/Kitware/CMake/releases/download/v4.3.2/cmake-4.3.2-macos-universal.tar.gz"
gpg_key = "CBA23971357C2E6590D9EFD3EC8FEF3A7BFB4EDA"

[[tools."dotenv-linter/dotenv-linter"]]
version = "4.0.0"
backend = "github"

[[tools."editorconfig-checker/editorconfig-checker"]]
version = "3.6.1"
backend = "github"

[[tools."github:astral-sh/ruff"]]
version = "0.15.12"
backend = "github"

[[tools."github:checkmake/checkmake"]]
version = "0.3.2"
backend = "github"

[[tools."github:cli/cli"]]
version = "2.92.0"
backend = "github"

[[tools."github:dotenv-linter/dotenv-linter"]]
version = "4.0.0"
backend = "github"

[[tools."github:editorconfig-checker/editorconfig-checker"]]
version = "3.6.1"
backend = "github"

[[tools."github:gitleaks/gitleaks"]]
version = "8.30.1"
backend = "github"

[[tools."github:google/addlicense"]]
version = "1.2.0"
backend = "github"

[[tools."github:google/osv-scanner"]]
version = "2.3.5"
backend = "github"

[[tools."github:hadolint/hadolint"]]
version = "2.14.0"
backend = "github"

[[tools."github:koalaman/shellcheck"]]
version = "0.11.0"
backend = "github"

[[tools."github:mvdan/sh"]]
version = "3.13.1"
backend = "github"

[[tools."github:rhysd/actionlint"]]
version = "1.7.12"
backend = "github"

[[tools."github:zizmorcore/zizmor"]]
version = "1.24.1"
backend = "github"

[[tools."gitleaks/gitleaks"]]
version = "8.30.1"
backend = "github"

[[tools."google/addlicense"]]
version = "1.2.0"
backend = "github"

[[tools."google/osv-scanner"]]
version = "2.3.5"
backend = "github"

[[tools."gradle"]]
version = "8.14.5"
backend = "native"

[tools."gradle"."platforms.macos-amd64"]
url = "https://services.gradle.org/distributions/gradle-8.14.5-bin.zip"
gpg_key = "1BD97A6A154E7810EE0BC832E2F38302C8075E3D"

[[tools."gradle"]]
version = "9.5.1"
backend = "native"

[tools."gradle"."platforms.macos-amd64"]
url = "https://services.gradle.org/distributions/gradle-9.5.1-bin.zip"
gpg_key = "1BD97A6A154E7810EE0BC832E2F38302C8075E3D"

[[tools."hadolint/hadolint"]]
version = "2.14.0"
backend = "github"

[[tools."helm"]]
version = "3.15.0"
backend = "native"

[tools."helm"."platforms.macos-amd64"]
url = "https://get.helm.sh/helm-v3.15.0-darwin-amd64.tar.gz"
gpg_key = "BF888333D96A1C18E2682AAED79D67C9EC016739"

[[tools."java"]]
version = "1.8.0_492-b09"
backend = "native"

[tools."java"."platforms.macos-amd64"]
url = "https://github.com/adoptium/temurin8-binaries/releases/download/jdk8u492-b09/OpenJDK8U-jdk_x64_mac_hotspot_8u492b09.tar.gz"
gpg_key = "3B04D753C9050D9A5D343F39843C48A565F8F04B"

[[tools."java"]]
version = "23.0.2"
backend = "native"

[tools."java"."platforms.macos-amd64"]
url = "https://github.com/adoptium/temurin23-binaries/releases/download/jdk-23.0.2%2B7/OpenJDK23U-jdk_x64_mac_hotspot_23.0.2_7.tar.gz"
gpg_key = "3B04D753C9050D9A5D343F39843C48A565F8F04B"

[[tools."julia"]]
version = "1.10.3"
backend = "native"

[tools."julia"."platforms.macos-amd64"]
checksum = "c4d3076bc918b1300edc236f827bc49349a73f4ed577ec5a5e613410363af213"
url = "https://julialang-s3.julialang.org/bin/mac/x64/1.10/julia-1.10.3-mac64.dmg"
gpg_key = "3673DF529D9049477F76B37566E3C7DC03D6E495"

[[tools."maven"]]
version = "3.9.6"
backend = "native"

[tools."maven"."platforms.macos-amd64"]
url = "https://archive.apache.org/dist/maven/maven-3/3.9.6/binaries/apache-maven-3.9.6-bin.tar.gz"
gpg_key = "29BEA2A645F2D6CED7FB12E02B172E3E156466E8"

[[tools."mvdan/sh"]]
version = "3.13.1"
backend = "github"

[[tools."npm:@commitlint/cli"]]
version = "20.5.3"
backend = "npm"

[[tools."npm:@commitlint/config-conventional"]]
version = "20.5.3"
backend = "npm"

[[tools."npm:@taplo/cli"]]
version = "0.7.0"
backend = "npm"

[[tools."npm:bats"]]
version = "1.13.0"
backend = "npm"

[[tools."npm:commitizen"]]
version = "4.3.1"
backend = "npm"

[[tools."npm:cz-conventional-changelog"]]
version = "3.3.0"
backend = "npm"

[[tools."npm:dockerfile-utils"]]
version = "0.16.3"
backend = "npm"

[[tools."npm:eslint"]]
version = "10.3.0"
backend = "npm"

[[tools."npm:markdownlint-cli2"]]
version = "0.22.1"
backend = "npm"

[[tools."npm:pnpm"]]
version = "11.0.4"
backend = "npm"

[[tools."npm:prettier"]]
version = "3.8.3"
backend = "npm"

[[tools."npm:sort-package-json"]]
version = "3.6.1"
backend = "npm"

[[tools."npm:stylelint"]]
version = "17.10.0"
backend = "npm"

[[tools."pipx:clang-format"]]
version = "22.1.4"
backend = "pypi"

[[tools."pipx:pre-commit"]]
version = "4.6.0"
backend = "pypi"

[[tools."pipx:yamllint"]]
version = "1.38.0"
backend = "pypi"

[[tools."python"]]
version = "3.14.4"
backend = "asdf"

[[tools."rhysd/actionlint"]]
version = "1.7.12"
backend = "github"

[[tools."zizmorcore/zizmor"]]
version = "1.24.1"
backend = "github"

