# @generated - this file is auto-generated by `unirtm lock`
# Do not edit manually. See https://github.com/snowdreamtech/unirtm for details.

[[tools."asdf:go"]]
version = "1.26.2"
backend = "asdf"

[[tools."asdf:node"]]
version = "25.9.0"
backend = "asdf"

[[tools."asdf:npm:bats"]]
version = "1.13.0"
backend = "asdf"

[[tools."asdf:npm:commitizen"]]
version = "4.3.1"
backend = "asdf"

[[tools."asdf:npm:cz-conventional-changelog"]]
version = "3.3.0"
backend = "asdf"

[[tools."asdf:npm:dockerfile-utils"]]
version = "0.16.3"
backend = "asdf"

[[tools."asdf:npm:eslint"]]
version = "10.3.0"
backend = "asdf"

[[tools."asdf:npm:markdownlint-cli2"]]
version = "0.22.1"
backend = "asdf"

[[tools."asdf:npm:pnpm"]]
version = "11.0.4"
backend = "asdf"

[[tools."asdf:npm:prettier"]]
version = "3.8.3"
backend = "asdf"

[[tools."asdf:npm:sort-package-json"]]
version = "3.6.1"
backend = "asdf"

[[tools."asdf:npm:stylelint"]]
version = "17.10.0"
backend = "asdf"

[[tools."asdf:pipx:clang-format"]]
version = "22.1.4"
backend = "asdf"

[[tools."asdf:pipx:pre-commit"]]
version = "4.6.0"
backend = "asdf"

[[tools."asdf:pipx:yamllint"]]
version = "1.38.0"
backend = "asdf"

[[tools."asdf:python"]]
version = "3.14.4"
backend = "asdf"

[[tools."checkmake/checkmake"]]
version = "0.3.2"
backend = "github"

[tools."checkmake/checkmake"."platforms.macos-amd64"]
url = "https://github.com/checkmake/checkmake/releases/download/v0.3.2/checkmake-v0.3.2.darwin.amd64"

[[tools."dotenv-linter/dotenv-linter"]]
version = "4.0.0"
backend = "github"

[[tools."editorconfig-checker/editorconfig-checker"]]
version = "3.6.1"
backend = "github"

[[tools."github:astral-sh/ruff"]]
version = "0.15.12"
backend = "github"

[[tools."github:checkmake/checkmake"]]
version = "0.3.2"
backend = "github"

[[tools."github:cli/cli"]]
version = "2.92.0"
backend = "github"

[[tools."github:dotenv-linter/dotenv-linter"]]
version = "4.0.0"
backend = "github"

[[tools."github:editorconfig-checker/editorconfig-checker"]]
version = "3.6.1"
backend = "github"

[[tools."github:gitleaks/gitleaks"]]
version = "8.30.1"
backend = "github"

[[tools."github:google/addlicense"]]
version = "1.2.0"
backend = "github"

[[tools."github:google/osv-scanner"]]
version = "2.3.5"
backend = "github"

[[tools."github:hadolint/hadolint"]]
version = "2.14.0"
backend = "github"

[[tools."github:koalaman/shellcheck"]]
version = "0.11.0"
backend = "github"

[[tools."github:mvdan/sh"]]
version = "3.13.1"
backend = "github"

[[tools."github:rhysd/actionlint"]]
version = "1.7.12"
backend = "github"

[[tools."github:zizmorcore/zizmor"]]
version = "1.24.1"
backend = "github"

[[tools."gitleaks/gitleaks"]]
version = "8.30.1"
backend = "github"

[tools."gitleaks/gitleaks"."platforms.macos-amd64"]
checksum = "dfe101a4db2255fc85120ac7f3d25e4342c3c20cf749f2c20a18081af1952709"
url = "https://github.com/gitleaks/gitleaks/releases/download/v8.30.1/gitleaks_8.30.1_darwin_x64.tar.gz"

[[tools."go"]]
version = "1.26.2"
backend = "asdf"

[[tools."google/addlicense"]]
version = "1.2.0"
backend = "github"

[tools."google/addlicense"."platforms.macos-amd64"]
checksum = "335b47a28bab66e39494222f711c22b140d14d6f6d0a08ab9ea7c6f315588c83"
url = "https://github.com/google/addlicense/releases/download/v1.2.0/addlicense_v1.2.0_macOS_x86_64.tar.gz"

[[tools."hadolint/hadolint"]]
version = "2.14.0"
backend = "github"

[[tools."node"]]
version = "25.9.0"
backend = "asdf"

[[tools."npm:@commitlint/cli"]]
version = "20.5.3"
backend = "npm"

[[tools."npm:@commitlint/config-conventional"]]
version = "20.5.3"
backend = "npm"

[[tools."npm:@taplo/cli"]]
version = "0.7.0"
backend = "npm"

[[tools."npm:bats"]]
version = "1.13.0"
backend = "npm"

[[tools."npm:commitizen"]]
version = "4.3.1"
backend = "npm"

[[tools."npm:cz-conventional-changelog"]]
version = "3.3.0"
backend = "npm"

[[tools."npm:dockerfile-utils"]]
version = "0.16.3"
backend = "npm"

[[tools."npm:eslint"]]
version = "10.3.0"
backend = "npm"

[[tools."npm:markdownlint-cli2"]]
version = "0.22.1"
backend = "npm"

[[tools."npm:pnpm"]]
version = "11.0.4"
backend = "npm"

[[tools."npm:prettier"]]
version = "3.8.3"
backend = "npm"

[[tools."npm:sort-package-json"]]
version = "3.6.1"
backend = "npm"

[[tools."npm:stylelint"]]
version = "17.10.0"
backend = "npm"

[[tools."pipx:clang-format"]]
version = "22.1.4"
backend = "pypi"

[[tools."pipx:pre-commit"]]
version = "4.6.0"
backend = "pypi"

[[tools."pipx:yamllint"]]
version = "1.38.0"
backend = "pypi"

[[tools."python"]]
version = "3.14.4"
backend = "asdf"

[[tools."rhysd/actionlint"]]
version = "1.7.12"
backend = "github"

