# @generated - this file is auto-generated by `unirtm lock`
# Do not edit manually. See https://github.com/snowdreamtech/unirtm for details.

[[tools."github:dotenv-linter/dotenv-linter"]]
version = "4.0.0"
backend = "github"

[tools."github:dotenv-linter/dotenv-linter"."platforms.linux-amd64"]
url = "https://github.com/dotenv-linter/dotenv-linter/releases/download/v4.0.0/dotenv-linter-linux-x86_64.tar.gz"

[tools."github:dotenv-linter/dotenv-linter"."platforms.linux-amd64-musl"]
url = "https://github.com/dotenv-linter/dotenv-linter/releases/download/v4.0.0/dotenv-linter-linux-x86_64.tar.gz"

[tools."github:dotenv-linter/dotenv-linter"."platforms.linux-arm64"]
url = "https://github.com/dotenv-linter/dotenv-linter/releases/download/v4.0.0/dotenv-linter-linux-aarch64.tar.gz"

[tools."github:dotenv-linter/dotenv-linter"."platforms.linux-arm64-musl"]
url = "https://github.com/dotenv-linter/dotenv-linter/releases/download/v4.0.0/dotenv-linter-linux-aarch64.tar.gz"

[tools."github:dotenv-linter/dotenv-linter"."platforms.macos-amd64"]
url = "https://github.com/dotenv-linter/dotenv-linter/releases/download/v4.0.0/dotenv-linter-darwin-x86_64.tar.gz"

[tools."github:dotenv-linter/dotenv-linter"."platforms.macos-arm64"]
url = "https://github.com/dotenv-linter/dotenv-linter/releases/download/v4.0.0/dotenv-linter-darwin-arm64.tar.gz"

[tools."github:dotenv-linter/dotenv-linter"."platforms.windows-amd64"]
url = "https://github.com/dotenv-linter/dotenv-linter/releases/download/v4.0.0/dotenv-linter-win-x64.zip"

[tools."github:dotenv-linter/dotenv-linter"."platforms.windows-arm64"]
url = "https://github.com/dotenv-linter/dotenv-linter/releases/download/v4.0.0/dotenv-linter-win-aarch64.zip"

[[tools."github:google/osv-scanner"]]
version = "2.3.8"
backend = "github"

[tools."github:google/osv-scanner"."platforms.windows-arm64"]
checksum = "sha256:285d1fbcf2c69ab5ee38ae3a850ab46e83f32ef1cd5f3c4c9eb161cc493f6d52"
url = "https://github.com/google/osv-scanner/releases/download/v2.3.8/osv-scanner_windows_arm64.exe"

[[tools."github:koalaman/shellcheck"]]
version = "0.11.0"
backend = "github"

[tools."github:koalaman/shellcheck"."platforms.linux-amd64"]
url = "https://github.com/koalaman/shellcheck/releases/download/v0.11.0/shellcheck-v0.11.0.linux.x86_64.tar.gz"

[tools."github:koalaman/shellcheck"."platforms.linux-amd64-musl"]
url = "https://github.com/koalaman/shellcheck/releases/download/v0.11.0/shellcheck-v0.11.0.linux.x86_64.tar.gz"

[tools."github:koalaman/shellcheck"."platforms.linux-arm64"]
url = "https://github.com/koalaman/shellcheck/releases/download/v0.11.0/shellcheck-v0.11.0.linux.aarch64.tar.gz"

[tools."github:koalaman/shellcheck"."platforms.linux-arm64-musl"]
url = "https://github.com/koalaman/shellcheck/releases/download/v0.11.0/shellcheck-v0.11.0.linux.aarch64.tar.gz"

[tools."github:koalaman/shellcheck"."platforms.macos-amd64"]
url = "https://github.com/koalaman/shellcheck/releases/download/v0.11.0/shellcheck-v0.11.0.darwin.x86_64.tar.gz"

[tools."github:koalaman/shellcheck"."platforms.macos-arm64"]
url = "https://github.com/koalaman/shellcheck/releases/download/v0.11.0/shellcheck-v0.11.0.darwin.aarch64.tar.gz"

[tools."github:koalaman/shellcheck"."platforms.windows-amd64"]
url = "https://github.com/koalaman/shellcheck/releases/download/v0.11.0/shellcheck-v0.11.0.zip"

[[tools."github:zizmorcore/zizmor"]]
version = "1.25.2"
backend = "github"

[tools."github:zizmorcore/zizmor"."platforms.linux-amd64"]
url = "https://github.com/zizmorcore/zizmor/releases/download/v1.25.2/zizmor-x86_64-unknown-linux-gnu.tar.gz"

[tools."github:zizmorcore/zizmor"."platforms.linux-amd64-musl"]
url = "https://github.com/zizmorcore/zizmor/releases/download/v1.25.2/zizmor-x86_64-unknown-linux-gnu.tar.gz"

[tools."github:zizmorcore/zizmor"."platforms.linux-arm64"]
url = "https://github.com/zizmorcore/zizmor/releases/download/v1.25.2/zizmor-aarch64-unknown-linux-gnu.tar.gz"

[tools."github:zizmorcore/zizmor"."platforms.linux-arm64-musl"]
url = "https://github.com/zizmorcore/zizmor/releases/download/v1.25.2/zizmor-aarch64-unknown-linux-gnu.tar.gz"

[tools."github:zizmorcore/zizmor"."platforms.macos-amd64"]
url = "https://github.com/zizmorcore/zizmor/releases/download/v1.25.2/zizmor-x86_64-apple-darwin.tar.gz"

[tools."github:zizmorcore/zizmor"."platforms.macos-arm64"]
url = "https://github.com/zizmorcore/zizmor/releases/download/v1.25.2/zizmor-aarch64-apple-darwin.tar.gz"

[tools."github:zizmorcore/zizmor"."platforms.windows-amd64"]
url = "https://github.com/zizmorcore/zizmor/releases/download/v1.25.2/zizmor-x86_64-pc-windows-msvc.zip"

[[tools."go"]]
version = "1.26.4"
backend = "native"

[tools."go"."platforms.linux-amd64"]
checksum = "sha256:1153d3d50e0ac764b447adfe05c2bcf08e889d42a02e0fe0259bd47f6733ad7f"
url = "https://golang.google.cn/dl/go1.26.4.linux-amd64.tar.gz"
gpg_key = "EB4C1BF148A2C440F831EE8752D905A67D74191C"

[tools."go"."platforms.linux-amd64-musl"]
checksum = "sha256:1153d3d50e0ac764b447adfe05c2bcf08e889d42a02e0fe0259bd47f6733ad7f"
url = "https://golang.google.cn/dl/go1.26.4.linux-amd64.tar.gz"
gpg_key = "EB4C1BF148A2C440F831EE8752D905A67D74191C"

[tools."go"."platforms.linux-arm64"]
checksum = "sha256:ef758ae7c6cf9267c9c0ef080b8965f453d89ab2d25d9eb22de4405925238768"
url = "https://golang.google.cn/dl/go1.26.4.linux-arm64.tar.gz"
gpg_key = "EB4C1BF148A2C440F831EE8752D905A67D74191C"

[tools."go"."platforms.linux-arm64-musl"]
checksum = "sha256:ef758ae7c6cf9267c9c0ef080b8965f453d89ab2d25d9eb22de4405925238768"
url = "https://golang.google.cn/dl/go1.26.4.linux-arm64.tar.gz"
gpg_key = "EB4C1BF148A2C440F831EE8752D905A67D74191C"

[tools."go"."platforms.macos-amd64"]
checksum = "sha256:05dc9b5f9997744520aaebb3d5deaa7c755371aebbfb7f97c2511a9f3367538d"
url = "https://golang.google.cn/dl/go1.26.4.darwin-amd64.tar.gz"
gpg_key = "EB4C1BF148A2C440F831EE8752D905A67D74191C"

[tools."go"."platforms.macos-arm64"]
checksum = "sha256:b62ad2b6d7d2464f12a5bcad7ff47f19d08325773b5efd21610e445a05a9bf53"
url = "https://golang.google.cn/dl/go1.26.4.darwin-arm64.tar.gz"
gpg_key = "EB4C1BF148A2C440F831EE8752D905A67D74191C"

[tools."go"."platforms.windows-amd64"]
checksum = "sha256:3ca8fb4630b07c419cbdd51f754e31363cfcfb83b3a5354d9e895c90be2cc345"
url = "https://golang.google.cn/dl/go1.26.4.windows-amd64.zip"
gpg_key = "EB4C1BF148A2C440F831EE8752D905A67D74191C"

[tools."go"."platforms.windows-arm64"]
checksum = "sha256:62247f56fb7d7b827d237152c4e3fcd69a24d0fa9430dc73dbda7593ae82bc8d"
url = "https://golang.google.cn/dl/go1.26.4.windows-arm64.zip"
gpg_key = "EB4C1BF148A2C440F831EE8752D905A67D74191C"

[[tools."go:github.com/golangci/golangci-lint/cmd/golangci-lint"]]
version = "v1.64.4"
backend = "go"

[tools."go:github.com/golangci/golangci-lint/cmd/golangci-lint"."platforms.linux-amd64"]

[tools."go:github.com/golangci/golangci-lint/cmd/golangci-lint"."platforms.linux-amd64-musl"]

[tools."go:github.com/golangci/golangci-lint/cmd/golangci-lint"."platforms.linux-arm64"]

[tools."go:github.com/golangci/golangci-lint/cmd/golangci-lint"."platforms.linux-arm64-musl"]

[tools."go:github.com/golangci/golangci-lint/cmd/golangci-lint"."platforms.macos-amd64"]

[tools."go:github.com/golangci/golangci-lint/cmd/golangci-lint"."platforms.macos-arm64"]

[tools."go:github.com/golangci/golangci-lint/cmd/golangci-lint"."platforms.windows-amd64"]

[tools."go:github.com/golangci/golangci-lint/cmd/golangci-lint"."platforms.windows-arm64"]

[[tools."go:github.com/securego/gosec/v2/cmd/gosec"]]
version = "v2.22.1"
backend = "go"

[tools."go:github.com/securego/gosec/v2/cmd/gosec"."platforms.linux-amd64"]

[tools."go:github.com/securego/gosec/v2/cmd/gosec"."platforms.linux-amd64-musl"]

[tools."go:github.com/securego/gosec/v2/cmd/gosec"."platforms.linux-arm64"]

[tools."go:github.com/securego/gosec/v2/cmd/gosec"."platforms.linux-arm64-musl"]

[tools."go:github.com/securego/gosec/v2/cmd/gosec"."platforms.macos-amd64"]

[tools."go:github.com/securego/gosec/v2/cmd/gosec"."platforms.macos-arm64"]

[tools."go:github.com/securego/gosec/v2/cmd/gosec"."platforms.windows-amd64"]

[tools."go:github.com/securego/gosec/v2/cmd/gosec"."platforms.windows-arm64"]

[[tools."go:golang.org/x/tools/cmd/goimports"]]
version = "v0.30.0"
backend = "go"

[tools."go:golang.org/x/tools/cmd/goimports"."platforms.linux-amd64"]

[tools."go:golang.org/x/tools/cmd/goimports"."platforms.linux-amd64-musl"]

[tools."go:golang.org/x/tools/cmd/goimports"."platforms.linux-arm64"]

[tools."go:golang.org/x/tools/cmd/goimports"."platforms.linux-arm64-musl"]

[tools."go:golang.org/x/tools/cmd/goimports"."platforms.macos-amd64"]

[tools."go:golang.org/x/tools/cmd/goimports"."platforms.macos-arm64"]

[tools."go:golang.org/x/tools/cmd/goimports"."platforms.windows-amd64"]

[tools."go:golang.org/x/tools/cmd/goimports"."platforms.windows-arm64"]

[[tools."go:golang.org/x/vuln/cmd/govulncheck"]]
version = "v1.1.4"
backend = "go"

[tools."go:golang.org/x/vuln/cmd/govulncheck"."platforms.linux-amd64"]

[tools."go:golang.org/x/vuln/cmd/govulncheck"."platforms.linux-amd64-musl"]

[tools."go:golang.org/x/vuln/cmd/govulncheck"."platforms.linux-arm64"]

[tools."go:golang.org/x/vuln/cmd/govulncheck"."platforms.linux-arm64-musl"]

[tools."go:golang.org/x/vuln/cmd/govulncheck"."platforms.macos-amd64"]

[tools."go:golang.org/x/vuln/cmd/govulncheck"."platforms.macos-arm64"]

[tools."go:golang.org/x/vuln/cmd/govulncheck"."platforms.windows-amd64"]

[tools."go:golang.org/x/vuln/cmd/govulncheck"."platforms.windows-arm64"]

[[tools."go:mvdan.cc/sh/v3/cmd/shfmt"]]
version = "v3.13.1"
backend = "go"

[tools."go:mvdan.cc/sh/v3/cmd/shfmt"."platforms.linux-amd64"]

[tools."go:mvdan.cc/sh/v3/cmd/shfmt"."platforms.linux-amd64-musl"]

[tools."go:mvdan.cc/sh/v3/cmd/shfmt"."platforms.linux-arm64"]

[tools."go:mvdan.cc/sh/v3/cmd/shfmt"."platforms.linux-arm64-musl"]

[tools."go:mvdan.cc/sh/v3/cmd/shfmt"."platforms.macos-amd64"]

[tools."go:mvdan.cc/sh/v3/cmd/shfmt"."platforms.macos-arm64"]

[tools."go:mvdan.cc/sh/v3/cmd/shfmt"."platforms.windows-amd64"]

[tools."go:mvdan.cc/sh/v3/cmd/shfmt"."platforms.windows-arm64"]

[[tools."node"]]
version = "26.3.0"
backend = "native"

[tools."node"."platforms.linux-amd64"]
url = "https://npmmirror.com/mirrors/node/v26.3.0/node-v26.3.0-linux-x64.tar.gz"
gpg_key = "C4F0DFFF4E8C1A8236409D08E73BC641CC11F4C8"

[tools."node"."platforms.linux-amd64-musl"]
url = "https://npmmirror.com/mirrors/node/v26.3.0/node-v26.3.0-linux-x64.tar.gz"
gpg_key = "C4F0DFFF4E8C1A8236409D08E73BC641CC11F4C8"

[tools."node"."platforms.linux-arm64"]
url = "https://npmmirror.com/mirrors/node/v26.3.0/node-v26.3.0-linux-arm64.tar.gz"
gpg_key = "C4F0DFFF4E8C1A8236409D08E73BC641CC11F4C8"

[tools."node"."platforms.linux-arm64-musl"]
url = "https://npmmirror.com/mirrors/node/v26.3.0/node-v26.3.0-linux-arm64.tar.gz"
gpg_key = "C4F0DFFF4E8C1A8236409D08E73BC641CC11F4C8"

[tools."node"."platforms.macos-amd64"]
url = "https://npmmirror.com/mirrors/node/v26.3.0/node-v26.3.0-darwin-x64.tar.gz"
gpg_key = "C4F0DFFF4E8C1A8236409D08E73BC641CC11F4C8"

[tools."node"."platforms.macos-arm64"]
url = "https://npmmirror.com/mirrors/node/v26.3.0/node-v26.3.0-darwin-arm64.tar.gz"
gpg_key = "C4F0DFFF4E8C1A8236409D08E73BC641CC11F4C8"

[tools."node"."platforms.windows-amd64"]
url = "https://npmmirror.com/mirrors/node/v26.3.0/node-v26.3.0-win-x64.zip"
gpg_key = "C4F0DFFF4E8C1A8236409D08E73BC641CC11F4C8"

[tools."node"."platforms.windows-arm64"]
url = "https://npmmirror.com/mirrors/node/v26.3.0/node-v26.3.0-win-arm64.zip"
gpg_key = "C4F0DFFF4E8C1A8236409D08E73BC641CC11F4C8"

[[tools."npm:@commitlint/cli"]]
version = "21.0.2"
backend = "npm"

[tools."npm:@commitlint/cli"."platforms.linux-amd64"]

[tools."npm:@commitlint/cli"."platforms.linux-amd64-musl"]

[tools."npm:@commitlint/cli"."platforms.linux-arm64"]

[tools."npm:@commitlint/cli"."platforms.linux-arm64-musl"]

[tools."npm:@commitlint/cli"."platforms.macos-amd64"]

[tools."npm:@commitlint/cli"."platforms.macos-arm64"]

[tools."npm:@commitlint/cli"."platforms.windows-amd64"]

[tools."npm:@commitlint/cli"."platforms.windows-arm64"]

[[tools."npm:@commitlint/config-conventional"]]
version = "21.0.2"
backend = "npm"

[tools."npm:@commitlint/config-conventional"."platforms.linux-amd64"]

[tools."npm:@commitlint/config-conventional"."platforms.linux-amd64-musl"]

[tools."npm:@commitlint/config-conventional"."platforms.linux-arm64"]

[tools."npm:@commitlint/config-conventional"."platforms.linux-arm64-musl"]

[tools."npm:@commitlint/config-conventional"."platforms.macos-amd64"]

[tools."npm:@commitlint/config-conventional"."platforms.macos-arm64"]

[tools."npm:@commitlint/config-conventional"."platforms.windows-amd64"]

[tools."npm:@commitlint/config-conventional"."platforms.windows-arm64"]

[[tools."npm:@taplo/cli"]]
version = "0.7.0"
backend = "npm"

[tools."npm:@taplo/cli"."platforms.linux-amd64"]

[tools."npm:@taplo/cli"."platforms.linux-amd64-musl"]

[tools."npm:@taplo/cli"."platforms.linux-arm64"]

[tools."npm:@taplo/cli"."platforms.linux-arm64-musl"]

[tools."npm:@taplo/cli"."platforms.macos-amd64"]

[tools."npm:@taplo/cli"."platforms.macos-arm64"]

[tools."npm:@taplo/cli"."platforms.windows-amd64"]

[tools."npm:@taplo/cli"."platforms.windows-arm64"]

[[tools."npm:bats"]]
version = "1.13.0"
backend = "npm"

[tools."npm:bats"."platforms.linux-amd64"]

[tools."npm:bats"."platforms.linux-amd64-musl"]

[tools."npm:bats"."platforms.linux-arm64"]

[tools."npm:bats"."platforms.linux-arm64-musl"]

[tools."npm:bats"."platforms.macos-amd64"]

[tools."npm:bats"."platforms.macos-arm64"]

[tools."npm:bats"."platforms.windows-amd64"]

[tools."npm:bats"."platforms.windows-arm64"]

[[tools."npm:commitizen"]]
version = "4.3.1"
backend = "npm"

[tools."npm:commitizen"."platforms.linux-amd64"]

[tools."npm:commitizen"."platforms.linux-amd64-musl"]

[tools."npm:commitizen"."platforms.linux-arm64"]

[tools."npm:commitizen"."platforms.linux-arm64-musl"]

[tools."npm:commitizen"."platforms.macos-amd64"]

[tools."npm:commitizen"."platforms.macos-arm64"]

[tools."npm:commitizen"."platforms.windows-amd64"]

[tools."npm:commitizen"."platforms.windows-arm64"]

[[tools."npm:cz-conventional-changelog"]]
version = "3.3.0"
backend = "npm"

[tools."npm:cz-conventional-changelog"."platforms.linux-amd64"]

[tools."npm:cz-conventional-changelog"."platforms.linux-amd64-musl"]

[tools."npm:cz-conventional-changelog"."platforms.linux-arm64"]

[tools."npm:cz-conventional-changelog"."platforms.linux-arm64-musl"]

[tools."npm:cz-conventional-changelog"."platforms.macos-amd64"]

[tools."npm:cz-conventional-changelog"."platforms.macos-arm64"]

[tools."npm:cz-conventional-changelog"."platforms.windows-amd64"]

[tools."npm:cz-conventional-changelog"."platforms.windows-arm64"]

[[tools."npm:dockerfile-utils"]]
version = "0.16.3"
backend = "npm"

[tools."npm:dockerfile-utils"."platforms.linux-amd64"]

[tools."npm:dockerfile-utils"."platforms.linux-amd64-musl"]

[tools."npm:dockerfile-utils"."platforms.linux-arm64"]

[tools."npm:dockerfile-utils"."platforms.linux-arm64-musl"]

[tools."npm:dockerfile-utils"."platforms.macos-amd64"]

[tools."npm:dockerfile-utils"."platforms.macos-arm64"]

[tools."npm:dockerfile-utils"."platforms.windows-amd64"]

[tools."npm:dockerfile-utils"."platforms.windows-arm64"]

[[tools."npm:eslint"]]
version = "10.4.1"
backend = "npm"

[tools."npm:eslint"."platforms.linux-amd64"]

[tools."npm:eslint"."platforms.linux-amd64-musl"]

[tools."npm:eslint"."platforms.linux-arm64"]

[tools."npm:eslint"."platforms.linux-arm64-musl"]

[tools."npm:eslint"."platforms.macos-amd64"]

[tools."npm:eslint"."platforms.macos-arm64"]

[tools."npm:eslint"."platforms.windows-amd64"]

[tools."npm:eslint"."platforms.windows-arm64"]

[[tools."npm:markdownlint-cli2"]]
version = "0.17.2"
backend = "npm"

[tools."npm:markdownlint-cli2"."platforms.linux-amd64"]

[tools."npm:markdownlint-cli2"."platforms.linux-amd64-musl"]

[tools."npm:markdownlint-cli2"."platforms.linux-arm64"]

[tools."npm:markdownlint-cli2"."platforms.linux-arm64-musl"]

[tools."npm:markdownlint-cli2"."platforms.macos-amd64"]

[tools."npm:markdownlint-cli2"."platforms.macos-arm64"]

[tools."npm:markdownlint-cli2"."platforms.windows-amd64"]

[tools."npm:markdownlint-cli2"."platforms.windows-arm64"]

[[tools."npm:prettier"]]
version = "3.8.3"
backend = "npm"

[tools."npm:prettier"."platforms.linux-amd64"]

[tools."npm:prettier"."platforms.linux-amd64-musl"]

[tools."npm:prettier"."platforms.linux-arm64"]

[tools."npm:prettier"."platforms.linux-arm64-musl"]

[tools."npm:prettier"."platforms.macos-amd64"]

[tools."npm:prettier"."platforms.macos-arm64"]

[tools."npm:prettier"."platforms.windows-amd64"]

[tools."npm:prettier"."platforms.windows-arm64"]

[[tools."npm:sort-package-json"]]
version = "4.0.0"
backend = "npm"

[tools."npm:sort-package-json"."platforms.linux-amd64"]

[tools."npm:sort-package-json"."platforms.linux-amd64-musl"]

[tools."npm:sort-package-json"."platforms.linux-arm64"]

[tools."npm:sort-package-json"."platforms.linux-arm64-musl"]

[tools."npm:sort-package-json"."platforms.macos-amd64"]

[tools."npm:sort-package-json"."platforms.macos-arm64"]

[tools."npm:sort-package-json"."platforms.windows-amd64"]

[tools."npm:sort-package-json"."platforms.windows-arm64"]

[[tools."npm:stylelint"]]
version = "17.12.0"
backend = "npm"

[tools."npm:stylelint"."platforms.linux-amd64"]

[tools."npm:stylelint"."platforms.linux-amd64-musl"]

[tools."npm:stylelint"."platforms.linux-arm64"]

[tools."npm:stylelint"."platforms.linux-arm64-musl"]

[tools."npm:stylelint"."platforms.macos-amd64"]

[tools."npm:stylelint"."platforms.macos-arm64"]

[tools."npm:stylelint"."platforms.windows-amd64"]

[tools."npm:stylelint"."platforms.windows-arm64"]

[[tools."pipx:clang-format"]]
version = "22.1.5"
backend = "pipx"

[tools."pipx:clang-format"."platforms.linux-amd64"]

[tools."pipx:clang-format"."platforms.linux-amd64-musl"]

[tools."pipx:clang-format"."platforms.linux-arm64"]

[tools."pipx:clang-format"."platforms.linux-arm64-musl"]

[tools."pipx:clang-format"."platforms.macos-amd64"]

[tools."pipx:clang-format"."platforms.macos-arm64"]

[tools."pipx:clang-format"."platforms.windows-amd64"]

[tools."pipx:clang-format"."platforms.windows-arm64"]

[[tools."pipx:pip-audit"]]
version = "2.10.0"
backend = "pipx"

[tools."pipx:pip-audit"."platforms.linux-amd64"]

[tools."pipx:pip-audit"."platforms.linux-amd64-musl"]

[tools."pipx:pip-audit"."platforms.linux-arm64"]

[tools."pipx:pip-audit"."platforms.linux-arm64-musl"]

[tools."pipx:pip-audit"."platforms.macos-amd64"]

[tools."pipx:pip-audit"."platforms.macos-arm64"]

[tools."pipx:pip-audit"."platforms.windows-amd64"]

[tools."pipx:pip-audit"."platforms.windows-arm64"]

[[tools."pipx:pre-commit"]]
version = "4.6.0"
backend = "pipx"

[tools."pipx:pre-commit"."platforms.linux-amd64"]

[tools."pipx:pre-commit"."platforms.linux-amd64-musl"]

[tools."pipx:pre-commit"."platforms.linux-arm64"]

[tools."pipx:pre-commit"."platforms.linux-arm64-musl"]

[tools."pipx:pre-commit"."platforms.macos-amd64"]

[tools."pipx:pre-commit"."platforms.macos-arm64"]

[tools."pipx:pre-commit"."platforms.windows-amd64"]

[tools."pipx:pre-commit"."platforms.windows-arm64"]

[[tools."pipx:yamllint"]]
version = "1.38.0"
backend = "pipx"

[tools."pipx:yamllint"."platforms.linux-amd64"]

[tools."pipx:yamllint"."platforms.linux-amd64-musl"]

[tools."pipx:yamllint"."platforms.linux-arm64"]

[tools."pipx:yamllint"."platforms.linux-arm64-musl"]

[tools."pipx:yamllint"."platforms.macos-amd64"]

[tools."pipx:yamllint"."platforms.macos-arm64"]

[tools."pipx:yamllint"."platforms.windows-amd64"]

[tools."pipx:yamllint"."platforms.windows-arm64"]

[[tools."python"]]
version = "3.14.5"
backend = "native"

[tools."python"."platforms.linux-amd64"]
url = "https://gh-proxy.sn0wdr1am.com/https://github.com/astral-sh/python-build-standalone/releases/download/20260602/cpython-3.14.5%2B20260602-x86_64-unknown-linux-gnu-debug-full.tar.zst"

[tools."python"."platforms.linux-amd64-musl"]
url = "https://gh-proxy.sn0wdr1am.com/https://github.com/astral-sh/python-build-standalone/releases/download/20260602/cpython-3.14.5%2B20260602-x86_64-unknown-linux-gnu-debug-full.tar.zst"

[tools."python"."platforms.linux-arm64"]
url = "https://gh-proxy.sn0wdr1am.com/https://github.com/astral-sh/python-build-standalone/releases/download/20260602/cpython-3.14.5%2B20260602-aarch64-unknown-linux-gnu-debug-full.tar.zst"

[tools."python"."platforms.linux-arm64-musl"]
url = "https://gh-proxy.sn0wdr1am.com/https://github.com/astral-sh/python-build-standalone/releases/download/20260602/cpython-3.14.5%2B20260602-aarch64-unknown-linux-gnu-debug-full.tar.zst"

[tools."python"."platforms.macos-amd64"]
url = "https://gh-proxy.sn0wdr1am.com/https://github.com/astral-sh/python-build-standalone/releases/download/20260602/cpython-3.14.5%2B20260602-x86_64-apple-darwin-debug-full.tar.zst"

[tools."python"."platforms.macos-arm64"]
url = "https://gh-proxy.sn0wdr1am.com/https://github.com/astral-sh/python-build-standalone/releases/download/20260602/cpython-3.14.5%2B20260602-aarch64-apple-darwin-debug-full.tar.zst"

[tools."python"."platforms.windows-amd64"]
url = "https://gh-proxy.sn0wdr1am.com/https://github.com/astral-sh/python-build-standalone/releases/download/20260602/cpython-3.14.5%2B20260602-x86_64-pc-windows-msvc-freethreaded%2Bpgo-full.tar.zst"

[tools."python"."platforms.windows-arm64"]
url = "https://gh-proxy.sn0wdr1am.com/https://github.com/astral-sh/python-build-standalone/releases/download/20260602/cpython-3.14.5%2B20260602-aarch64-pc-windows-msvc-freethreaded%2Bpgo-full.tar.zst"
